// !$*UTF8*$!
{
	archiveVersion = 1;
	classes = {
	};
	objectVersion = 50;
	objects = {

/* Begin PBXBuildFile section */
		16120D5E252B1070000215EA /* AppDelegate.swift in Sources */ = {isa = PBXBuildFile; fileRef = 16120D5D252B1070000215EA /* AppDelegate.swift */; };
		16120D60252B1070000215EA /* SceneDelegate.swift in Sources */ = {isa = PBXBuildFile; fileRef = 16120D5F252B1070000215EA /* SceneDelegate.swift */; };
		16120D62252B1070000215EA /* ViewController.swift in Sources */ = {isa = PBXBuildFile; fileRef = 16120D61252B1070000215EA /* ViewController.swift */; };
		16120D65252B1070000215EA /* Main.storyboard in Resources */ = {isa = PBXBuildFile; fileRef = 16120D63252B1070000215EA /* Main.storyboard */; };
		16120D67252B1071000215EA /* Assets.xcassets in Resources */ = {isa = PBXBuildFile; fileRef = 16120D66252B1071000215EA /* Assets.xcassets */; };
		16120D6A252B1071000215EA /* LaunchScreen.storyboard in Resources */ = {isa = PBXBuildFile; fileRef = 16120D68252B1071000215EA /* LaunchScreen.storyboard */; };
		16120D7B252B2096000215EA /* A.wav in Resources */ = {isa = PBXBuildFile; fileRef = 16120D74252B2096000215EA /* A.wav */; };
		16120D7C252B2096000215EA /* C.wav in Resources */ = {isa = PBXBuildFile; fileRef = 16120D75252B2096000215EA /* C.wav */; };
		16120D7D252B2096000215EA /* B.wav in Resources */ = {isa = PBXBuildFile; fileRef = 16120D76252B2096000215EA /* B.wav */; };
		16120D7E252B2096000215EA /* F.wav in Resources */ = {isa = PBXBuildFile; fileRef = 16120D77252B2096000215EA /* F.wav */; };
		16120D7F252B2096000215EA /* G.wav in Resources */ = {isa = PBXBuildFile; fileRef = 16120D78252B2096000215EA /* G.wav */; };
		16120D80252B2096000215EA /* E.wav in Resources */ = {isa = PBXBuildFile; fileRef = 16120D79252B2096000215EA /* E.wav */; };
		16120D81252B2096000215EA /* D.wav in Resources */ = {isa = PBXBuildFile; fileRef = 16120D7A252B2096000215EA /* D.wav */; };
/* End PBXBuildFile section */

/* Begin PBXFileReference section */
		16120D5A252B1070000215EA /* Xylophone.app */ = {isa = PBXFileReference; explicitFileType = wrapper.application; includeInIndex = 0; path = Xylophone.app; sourceTree = BUILT_PRODUCTS_DIR; };
		16120D5D252B1070000215EA /* AppDelegate.swift */ = {isa = PBXFileReference; lastKnownFileType = sourcecode.swift; path = AppDelegate.swift; sourceTree = "<group>"; };
		16120D5F252B1070000215EA /* SceneDelegate.swift */ = {isa = PBXFileReference; lastKnownFileType = sourcecode.swift; path = SceneDelegate.swift; sourceTree = "<group>"; };
		16120D61252B1070000215EA /* ViewController.swift */ = {isa = PBXFileReference; lastKnownFileType = sourcecode.swift; path = ViewController.swift; sourceTree = "<group>"; };
		16120D64252B1070000215EA /* Base */ = {isa = PBXFileReference; lastKnownFileType = file.storyboard; name = Base; path = Base.lproj/Main.storyboard; sourceTree = "<group>"; };
		16120D66252B1071000215EA /* Assets.xcassets */ = {isa = PBXFileReference; lastKnownFileType = folder.assetcatalog; path = Assets.xcassets; sourceTree = "<group>"; };
		16120D69252B1071000215EA /* Base */ = {isa = PBXFileReference; lastKnownFileType = file.storyboard; name = Base; path = Base.lproj/LaunchScreen.storyboard; sourceTree = "<group>"; };
		16120D6B252B1071000215EA /* Info.plist */ = {isa = PBXFileReference; lastKnownFileType = text.plist.xml; path = Info.plist; sourceTree = "<group>"; };
		16120D74252B2096000215EA /* A.wav */ = {isa = PBXFileReference; lastKnownFileType = audio.wav; path = A.wav; sourceTree = "<group>"; };
		16120D75252B2096000215EA /* C.wav */ = {isa = PBXFileReference; lastKnownFileType = audio.wav; path = C.wav; sourceTree = "<group>"; };
		16120D76252B2096000215EA /* B.wav */ = {isa = PBXFileReference; lastKnownFileType = audio.wav; path = B.wav; sourceTree = "<group>"; };
		16120D77252B2096000215EA /* F.wav */ = {isa = PBXFileReference; lastKnownFileType = audio.wav; path = F.wav; sourceTree = "<group>"; };
		16120D78252B2096000215EA /* G.wav */ = {isa = PBXFileReference; lastKnownFileType = audio.wav; path = G.wav; sourceTree = "<group>"; };
		16120D79252B2096000215EA /* E.wav */ = {isa = PBXFileReference; lastKnownFileType = audio.wav; path = E.wav; sourceTree = "<group>"; };
		16120D7A252B2096000215EA /* D.wav */ = {isa = PBXFileReference; lastKnownFileType = audio.wav; path = D.wav; sourceTree = "<group>"; };
/* End PBXFileReference section */

/* Begin PBXFrameworksBuildPhase section */
		16120D57252B1070000215EA /* Frameworks */ = {
			isa = PBXFrameworksBuildPhase;
			buildActionMask = 2147483647;
			files = (
			);
			runOnlyForDeploymentPostprocessing = 0;
		};
/* End PBXFrameworksBuildPhase section */

/* Begin PBXGroup section */
		16120D51252B1070000215EA = {
			isa = PBXGroup;
			children = (
				16120D5C252B1070000215EA /* Xylophone */,
				16120D5B252B1070000215EA /* Products */,
			);
			sourceTree = "<group>";
		};
		16120D5B252B1070000215EA /* Products */ = {
			isa = PBXGroup;
			children = (
				16120D5A252B1070000215EA /* Xylophone.app */,
			);
			name = Products;
			sourceTree = "<group>";
		};
		16120D5C252B1070000215EA /* Xylophone */ = {
			isa = PBXGroup;
			children = (
				16120D5D252B1070000215EA /* AppDelegate.swift */,
				16120D5F252B1070000215EA /* SceneDelegate.swift */,
				16120D61252B1070000215EA /* ViewController.swift */,
				16120D63252B1070000215EA /* Main.storyboard */,
				16120D66252B1071000215EA /* Assets.xcassets */,
				16120D68252B1071000215EA /* LaunchScreen.storyboard */,
				16120D6B252B1071000215EA /* Info.plist */,
				16120D73252B2096000215EA /* Sounds */,
			);
			path = Xylophone;
			sourceTree = "<group>";
		};
		16120D73252B2096000215EA /* Sounds */ = {
			isa = PBXGroup;
			children = (
				16120D74252B2096000215EA /* A.wav */,
				16120D75252B2096000215EA /* C.wav */,
				16120D76252B2096000215EA /* B.wav */,
				16120D77252B2096000215EA /* F.wav */,
				16120D78252B2096000215EA /* G.wav */,
				16120D79252B2096000215EA /* E.wav */,
				16120D7A252B2096000215EA /* D.wav */,
			);
			path = Sounds;
			sourceTree = "<group>";
		};
/* End PBXGroup section */

/* Begin PBXNativeTarget section */
		16120D59252B1070000215EA /* Xylophone */ = {
			isa = PBXNativeTarget;
			buildConfigurationList = 16120D6E252B1071000215EA /* Build configuration list for PBXNativeTarget "Xylophone" */;
			buildPhases = (
				16120D56252B1070000215EA /* Sources */,
				16120D57252B1070000215EA /* Frameworks */,
				16120D58252B1070000215EA /* Resources */,
			);
			buildRules = (
			);
			dependencies = (
			);
			name = Xylophone;
			productName = Xylophone;
			productReference = 16120D5A252B1070000215EA /* Xylophone.app */;
			productType = "com.apple.product-type.application";
		};
/* End PBXNativeTarget section */

/* Begin PBXProject section */
		16120D52252B1070000215EA /* Project object */ = {
			isa = PBXProject;
			attributes = {
				LastSwiftUpdateCheck = 1200;
				LastUpgradeCheck = 1200;
				TargetAttributes = {
					16120D59252B1070000215EA = {
						CreatedOnToolsVersion = 12.0.1;
					};
				};
			};
			buildConfigurationList = 16120D55252B1070000215EA /* Build configuration list for PBXProject "Xylophone" */;
			compatibilityVersion = "Xcode 9.3";
			developmentRegion = en;
			hasScannedForEncodings = 0;
			knownRegions = (
				en,
				Base,
			);
			mainGroup = 16120D51252B1070000215EA;
			productRefGroup = 16120D5B252B1070000215EA /* Products */;
			projectDirPath = "";
			projectRoot = "";
			targets = (
				16120D59252B1070000215EA /* Xylophone */,
			);
		};
/* End PBXProject section */

/* Begin PBXResourcesBuildPhase section */
		16120D58252B1070000215EA /* Resources */ = {
			isa = PBXResourcesBuildPhase;
			buildActionMask = 2147483647;
			files = (
				16120D7F252B2096000215EA /* G.wav in Resources */,
				16120D6A252B1071000215EA /* LaunchScreen.storyboard in Resources */,
				16120D7E252B2096000215EA /* F.wav in Resources */,
				16120D67252B1071000215EA /* Assets.xcassets in Resources */,
				16120D7B252B2096000215EA /* A.wav in Resources */,
				16120D7D252B2096000215EA /* B.wav in Resources */,
				16120D80252B2096000215EA /* E.wav in Resources */,
				16120D81252B2096000215EA /* D.wav in Resources */,
				16120D65252B1070000215EA /* Main.storyboard in Resources */,
				16120D7C252B2096000215EA /* C.wav in Resources */,
			);
			runOnlyForDeploymentPostprocessing = 0;
		};
/* End PBXResourcesBuildPhase section */

/* Begin PBXSourcesBuildPhase section */
		16120D56252B1070000215EA /* Sources */ = {
			isa = PBXSourcesBuildPhase;
			buildActionMask = 2147483647;
			files = (
				16120D62252B1070000215EA /* ViewController.swift in Sources */,
				16120D5E252B1070000215EA /* AppDelegate.swift in Sources */,
				16120D60252B1070000215EA /* SceneDelegate.swift in Sources */,
			);
			runOnlyForDeploymentPostprocessing = 0;
		};
/* End PBXSourcesBuildPhase section */

/* Begin PBXVariantGroup section */
		16120D63252B1070000215EA /* Main.storyboard */ = {
			isa = PBXVariantGroup;
			children = (
				16120D64252B1070000215EA /* Base */,
			);
			name = Main.storyboard;
			sourceTree = "<group>";
		};
		16120D68252B1071000215EA /* LaunchScreen.storyboard */ = {
			isa = PBXVariantGroup;
			children = (
				16120D69252B1071000215EA /* Base */,
			);
			name = LaunchScreen.storyboard;
			sourceTree = "<group>";
		};
/* End PBXVariantGroup section */

/* Begin XCBuildConfiguration section */
		16120D6C252B1071000215EA /* Debug */ = {
			isa = XCBuildConfiguration;
			buildSettings = {
				ALWAYS_SEARCH_USER_PATHS = NO;
				CLANG_ANALYZER_NONNULL = YES;
				CLANG_ANALYZER_NUMBER_OBJECT_CONVERSION = YES_AGGRESSIVE;
				CLANG_CXX_LANGUAGE_STANDARD = "gnu++14";
				CLANG_CXX_LIBRARY = "libc++";
				CLANG_ENABLE_MODULES = YES;
				CLANG_ENABLE_OBJC_ARC = YES;
				CLANG_ENABLE_OBJC_WEAK = YES;
				CLANG_WARN_BLOCK_CAPTURE_AUTORELEASING = YES;
				CLANG_WARN_BOOL_CONVERSION = YES;
				CLANG_WARN_COMMA = YES;
				CLANG_WARN_CONSTANT_CONVERSION = YES;
				CLANG_WARN_DEPRECATED_OBJC_IMPLEMENTATIONS = YES;
				CLANG_WARN_DIRECT_OBJC_ISA_USAGE = YES_ERROR;
				CLANG_WARN_DOCUMENTATION_COMMENTS = YES;
				CLANG_WARN_EMPTY_BODY = YES;
				CLANG_WARN_ENUM_CONVERSION = YES;
				CLANG_WARN_INFINITE_RECURSION = YES;
				CLANG_WARN_INT_CONVERSION = YES;
				CLANG_WARN_NON_LITERAL_NULL_CONVERSION = YES;
				CLANG_WARN_OBJC_IMPLICIT_RETAIN_SELF = YES;
				CLANG_WARN_OBJC_LITERAL_CONVERSION = YES;
				CLANG_WARN_OBJC_ROOT_CLASS = YES_ERROR;
				CLANG_WARN_QUOTED_INCLUDE_IN_FRAMEWORK_HEADER = YES;
				CLANG_WARN_RANGE_LOOP_ANALYSIS = YES;
				CLANG_WARN_STRICT_PROTOTYPES = YES;
				CLANG_WARN_SUSPICIOUS_MOVE = YES;
				CLANG_WARN_UNGUARDED_AVAILABILITY = YES_AGGRESSIVE;
				CLANG_WARN_UNREACHABLE_CODE = YES;
				CLANG_WARN__DUPLICATE_METHOD_MATCH = YES;
				COPY_PHASE_STRIP = NO;
				DEBUG_INFORMATION_FORMAT = dwarf;
				ENABLE_STRICT_OBJC_MSGSEND = YES;
				ENABLE_TESTABILITY = YES;
				GCC_C_LANGUAGE_STANDARD = gnu11;
				GCC_DYNAMIC_NO_PIC = NO;
				GCC_NO_COMMON_BLOCKS = YES;
				GCC_OPTIMIZATION_LEVEL = 0;
				GCC_PREPROCESSOR_DEFINITIONS = (
					"DEBUG=1",
					"$(inherited)",
				);
				GCC_WARN_64_TO_32_BIT_CONVERSION = YES;
				GCC_WARN_ABOUT_RETURN_TYPE = YES_ERROR;
				GCC_WARN_UNDECLARED_SELECTOR = YES;
				GCC_WARN_UNINITIALIZED_AUTOS = YES_AGGRESSIVE;
				GCC_WARN_UNUSED_FUNCTION = YES;
				GCC_WARN_UNUSED_VARIABLE = YES;
				IPHONEOS_DEPLOYMENT_TARGET = 14.0;
				MTL_ENABLE_DEBUG_INFO = INCLUDE_SOURCE;
				MTL_FAST_MATH = YES;
				ONLY_ACTIVE_ARCH = YES;
				SDKROOT = iphoneos;
				SWIFT_ACTIVE_COMPILATION_CONDITIONS = DEBUG;
				SWIFT_OPTIMIZATION_LEVEL = "-Onone";
			};
			name = Debug;
		};
		16120D6D252B1071000215EA /* Release */ = {
			isa = XCBuildConfiguration;
			buildSettings = {
				ALWAYS_SEARCH_USER_PATHS = NO;
				CLANG_ANALYZER_NONNULL = YES;
				CLANG_ANALYZER_NUMBER_OBJECT_CONVERSION = YES_AGGRESSIVE;
				CLANG_CXX_LANGUAGE_STANDARD = "gnu++14";
				CLANG_CXX_LIBRARY = "libc++";
				CLANG_ENABLE_MODULES = YES;
				CLANG_ENABLE_OBJC_ARC = YES;
				CLANG_ENABLE_OBJC_WEAK = YES;
				CLANG_WARN_BLOCK_CAPTURE_AUTORELEASING = YES;
				CLANG_WARN_BOOL_CONVERSION = YES;
				CLANG_WARN_COMMA = YES;
				CLANG_WARN_CONSTANT_CONVERSION = YES;
				CLANG_WARN_DEPRECATED_OBJC_IMPLEMENTATIONS = YES;
				CLANG_WARN_DIRECT_OBJC_ISA_USAGE = YES_ERROR;
				CLANG_WARN_DOCUMENTATION_COMMENTS = YES;
				CLANG_WARN_EMPTY_BODY = YES;
				CLANG_WARN_ENUM_CONVERSION = YES;
				CLANG_WARN_INFINITE_RECURSION = YES;
				CLANG_WARN_INT_CONVERSION = YES;
				CLANG_WARN_NON_LITERAL_NULL_CONVERSION = YES;
				CLANG_WARN_OBJC_IMPLICIT_RETAIN_SELF = YES;
				CLANG_WARN_OBJC_LITERAL_CONVERSION = YES;
				CLANG_WARN_OBJC_ROOT_CLASS = YES_ERROR;
				CLANG_WARN_QUOTED_INCLUDE_IN_FRAMEWORK_HEADER = YES;
				CLANG_WARN_RANGE_LOOP_ANALYSIS = YES;
				CLANG_WARN_STRICT_PROTOTYPES = YES;
				CLANG_WARN_SUSPICIOUS_MOVE = YES;
				CLANG_WARN_UNGUARDED_AVAILABILITY = YES_AGGRESSIVE;
				CLANG_WARN_UNREACHABLE_CODE = YES;
				CLANG_WARN__DUPLICATE_METHOD_MATCH = YES;
				COPY_PHASE_STRIP = NO;
				DEBUG_INFORMATION_FORMAT = "dwarf-with-dsym";
				ENABLE_NS_ASSERTIONS = NO;
				ENABLE_STRICT_OBJC_MSGSEND = YES;
				GCC_C_LANGUAGE_STANDARD = gnu11;
				GCC_NO_COMMON_BLOCKS = YES;
				GCC_WARN_64_TO_32_BIT_CONVERSION = YES;
				GCC_WARN_ABOUT_RETURN_TYPE = YES_ERROR;
				GCC_WARN_UNDECLARED_SELECTOR = YES;
				GCC_WARN_UNINITIALIZED_AUTOS = YES_AGGRESSIVE;
				GCC_WARN_UNUSED_FUNCTION = YES;
				GCC_WARN_UNUSED_VARIABLE = YES;
				IPHONEOS_DEPLOYMENT_TARGET = 14.0;
				MTL_ENABLE_DEBUG_INFO = NO;
				MTL_FAST_MATH = YES;
				SDKROOT = iphoneos;
				SWIFT_COMPILATION_MODE = wholemodule;
				SWIFT_OPTIMIZATION_LEVEL = "-O";
				VALIDATE_PRODUCT = YES;
			};
			name = Release;
		};
		16120D6F252B1071000215EA /* Debug */ = {
			isa = XCBuildConfiguration;
			buildSettings = {
				ASSETCATALOG_COMPILER_APPICON_NAME = AppIcon;
				ASSETCATALOG_COMPILER_GLOBAL_ACCENT_COLOR_NAME = AccentColor;
				CODE_SIGN_STYLE = Automatic;
				DEVELOPMENT_TEAM = Z8LKPFG943;
				INFOPLIST_FILE = Xylophone/Info.plist;
				LD_RUNPATH_SEARCH_PATHS = (
					"$(inherited)",
					"@executable_path/Frameworks",
				);
				PRODUCT_BUNDLE_IDENTIFIER = com.yasinakca.Xylophone;
				PRODUCT_NAME = "$(TARGET_NAME)";
				SWIFT_VERSION = 5.0;
				TARGETED_DEVICE_FAMILY = "1,2";
			};
			name = Debug;
		};
		16120D70252B1071000215EA /* Release */ = {
			isa = XCBuildConfiguration;
			buildSettings = {
				ASSETCATALOG_COMPILER_APPICON_NAME = AppIcon;
				ASSETCATALOG_COMPILER_GLOBAL_ACCENT_COLOR_NAME = AccentColor;
				CODE_SIGN_STYLE = Automatic;
				DEVELOPMENT_TEAM = Z8LKPFG943;
				INFOPLIST_FILE = Xylophone/Info.plist;
				LD_RUNPATH_SEARCH_PATHS = (
					"$(inherited)",
					"@executable_path/Frameworks",
				);
				PRODUCT_BUNDLE_IDENTIFIER = com.yasinakca.Xylophone;
				PRODUCT_NAME = "$(TARGET_NAME)";
				SWIFT_VERSION = 5.0;
				TARGETED_DEVICE_FAMILY = "1,2";
			};
			name = Release;
		};
/* End XCBuildConfiguration section */

/* Begin XCConfigurationList section */
		16120D55252B1070000215EA /* Build configuration list for PBXProject "Xylophone" */ = {
			isa = XCConfigurationList;
			buildConfigurations = (
				16120D6C252B1071000215EA /* Debug */,
				16120D6D252B1071000215EA /* Release */,
			);
			defaultConfigurationIsVisible = 0;
			defaultConfigurationName = Release;
		};
		16120D6E252B1071000215EA /* Build configuration list for PBXNativeTarget "Xylophone" */ = {
			isa = XCConfigurationList;
			buildConfigurations = (
				16120D6F252B1071000215EA /* Debug */,
				16120D70252B1071000215EA /* Release */,
			);
			defaultConfigurationIsVisible = 0;
			defaultConfigurationName = Release;
		};
/* End XCConfigurationList section */
	};
	rootObject = 16120D52252B1070000215EA /* Project object */;
}
